
Microsoft Visual Studio Solution File, Format Version 12.00
# Visual Studio 15
VisualStudioVersion = 15.0.26124.0
MinimumVisualStudioVersion = 15.0.26124.0
Project("{9A19103F-16F7-4668-BE54-9A1E7A4F7556}") = "Sharpcms.Base.Core", "Sharpcms.Base.Core\Sharpcms.Base.Core.csproj", "{87BFCB2C-3655-4866-9286-1DB444B4C612}"
EndProject
Project("{9A19103F-16F7-4668-BE54-9A1E7A4F7556}") = "Sharpcms.Base.Library", "Sharpcms.Base.Library\Sharpcms.Base.Library.csproj", "{C0D5962A-01FB-4D09-939F-C867BE4275F9}"
EndProject
Project("{9A19103F-16F7-4668-BE54-9A1E7A4F7556}") = "Sharpcms.Base.PluginInterfaces", "Sharpcms.Base.PluginInterfaces\Sharpcms.Base.PluginInterfaces.csproj", "{232EF069-2904-45A8-8FD5-9946A603353F}"
EndProject
Project("{9A19103F-16F7-4668-BE54-9A1E7A4F7556}") = "Sharpcms.Data.SiteTree", "Sharpcms.Data.SiteTree\Sharpcms.Data.SiteTree.csproj", "{978F26F1-13C9-4AB4-B1D7-50039FC3996D}"
EndProject
Project("{9A19103F-16F7-4668-BE54-9A1E7A4F7556}") = "Sharpcms.Data.FileTree", "Sharpcms.Data.FileTree\Sharpcms.Data.FileTree.csproj", "{D5F083F8-B129-470C-A505-BEE41CB404F1}"
EndProject
Project("{9A19103F-16F7-4668-BE54-9A1E7A4F7556}") = "Sharpcms.Providers.Base", "Sharpcms.Providers.Base\Sharpcms.Providers.Base.csproj", "{EF4CF489-5E09-4596-A7DD-F34BCFD1F9AB}"
EndProject
Project("{9A19103F-16F7-4668-BE54-9A1E7A4F7556}") = "Sharpcms.Providers.Cookies", "Sharpcms.Providers.Cookies\Sharpcms.Providers.Cookies.csproj", "{5AB2AF9F-EE84-4B85-B27D-8465328C2448}"
EndProject
Project("{9A19103F-16F7-4668-BE54-9A1E7A4F7556}") = "Sharpcms.Providers.ErrorLog", "Sharpcms.Providers.ErrorLog\Sharpcms.Providers.ErrorLog.csproj", "{0F067179-A5C2-422A-8934-52790334E2A8}"
EndProject
Project("{9A19103F-16F7-4668-BE54-9A1E7A4F7556}") = "Sharpcms.Providers.Search", "Sharpcms.Providers.Search\Sharpcms.Providers.Search.csproj", "{27C5BB99-2EB4-49E7-814C-3BC37A2D047C}"
EndProject
Project("{9A19103F-16F7-4668-BE54-9A1E7A4F7556}") = "Sharpcms.Core", "Sharpcms.Core\Sharpcms.Core.csproj", "{8C5DDE60-E166-416C-82A9-F704B3A98227}"
EndProject
Project("{2150E333-8FDC-42A3-9474-1A3956D46DE8}") = ".build", ".build", "{FDAC4FE5-976B-4044-9930-E073F0EB2B9F}"
	ProjectSection(SolutionItems) = preProject
		build.cake = build.cake
	EndProjectSection
EndProject
Global
	GlobalSection(SolutionConfigurationPlatforms) = preSolution
		Debug|Any CPU = Debug|Any CPU
		Debug|x64 = Debug|x64
		Debug|x86 = Debug|x86
		Release|Any CPU = Release|Any CPU
		Release|x64 = Release|x64
		Release|x86 = Release|x86
	EndGlobalSection
	GlobalSection(ProjectConfigurationPlatforms) = postSolution
		{87BFCB2C-3655-4866-9286-1DB444B4C612}.Debug|Any CPU.ActiveCfg = Debug|Any CPU
		{87BFCB2C-3655-4866-9286-1DB444B4C612}.Debug|Any CPU.Build.0 = Debug|Any CPU
		{87BFCB2C-3655-4866-9286-1DB444B4C612}.Debug|x64.ActiveCfg = Debug|Any CPU
		{87BFCB2C-3655-4866-9286-1DB444B4C612}.Debug|x64.Build.0 = Debug|Any CPU
		{87BFCB2C-3655-4866-9286-1DB444B4C612}.Debug|x86.ActiveCfg = Debug|Any CPU
		{87BFCB2C-3655-4866-9286-1DB444B4C612}.Debug|x86.Build.0 = Debug|Any CPU
		{87BFCB2C-3655-4866-9286-1DB444B4C612}.Release|Any CPU.ActiveCfg = Release|Any CPU
		{87BFCB2C-3655-4866-9286-1DB444B4C612}.Release|Any CPU.Build.0 = Release|Any CPU
		{87BFCB2C-3655-4866-9286-1DB444B4C612}.Release|x64.ActiveCfg = Release|Any CPU
		{87BFCB2C-3655-4866-9286-1DB444B4C612}.Release|x64.Build.0 = Release|Any CPU
		{87BFCB2C-3655-4866-9286-1DB444B4C612}.Release|x86.ActiveCfg = Release|Any CPU
		{87BFCB2C-3655-4866-9286-1DB444B4C612}.Release|x86.Build.0 = Release|Any CPU
		{C0D5962A-01FB-4D09-939F-C867BE4275F9}.Debug|Any CPU.ActiveCfg = Debug|Any CPU
		{C0D5962A-01FB-4D09-939F-C867BE4275F9}.Debug|Any CPU.Build.0 = Debug|Any CPU
		{C0D5962A-01FB-4D09-939F-C867BE4275F9}.Debug|x64.ActiveCfg = Debug|Any CPU
		{C0D5962A-01FB-4D09-939F-C867BE4275F9}.Debug|x64.Build.0 = Debug|Any CPU
		{C0D5962A-01FB-4D09-939F-C867BE4275F9}.Debug|x86.ActiveCfg = Debug|Any CPU
		{C0D5962A-01FB-4D09-939F-C867BE4275F9}.Debug|x86.Build.0 = Debug|Any CPU
		{C0D5962A-01FB-4D09-939F-C867BE4275F9}.Release|Any CPU.ActiveCfg = Release|Any CPU
		{C0D5962A-01FB-4D09-939F-C867BE4275F9}.Release|Any CPU.Build.0 = Release|Any CPU
		{C0D5962A-01FB-4D09-939F-C867BE4275F9}.Release|x64.ActiveCfg = Release|Any CPU
		{C0D5962A-01FB-4D09-939F-C867BE4275F9}.Release|x64.Build.0 = Release|Any CPU
		{C0D5962A-01FB-4D09-939F-C867BE4275F9}.Release|x86.ActiveCfg = Release|Any CPU
		{C0D5962A-01FB-4D09-939F-C867BE4275F9}.Release|x86.Build.0 = Release|Any CPU
		{232EF069-2904-45A8-8FD5-9946A603353F}.Debug|Any CPU.ActiveCfg = Debug|Any CPU
		{232EF069-2904-45A8-8FD5-9946A603353F}.Debug|Any CPU.Build.0 = Debug|Any CPU
		{232EF069-2904-45A8-8FD5-9946A603353F}.Debug|x64.ActiveCfg = Debug|Any CPU
		{232EF069-2904-45A8-8FD5-9946A603353F}.Debug|x64.Build.0 = Debug|Any CPU
		{232EF069-2904-45A8-8FD5-9946A603353F}.Debug|x86.ActiveCfg = Debug|Any CPU
		{232EF069-2904-45A8-8FD5-9946A603353F}.Debug|x86.Build.0 = Debug|Any CPU
		{232EF069-2904-45A8-8FD5-9946A603353F}.Release|Any CPU.ActiveCfg = Release|Any CPU
		{232EF069-2904-45A8-8FD5-9946A603353F}.Release|Any CPU.Build.0 = Release|Any CPU
		{232EF069-2904-45A8-8FD5-9946A603353F}.Release|x64.ActiveCfg = Release|Any CPU
		{232EF069-2904-45A8-8FD5-9946A603353F}.Release|x64.Build.0 = Release|Any CPU
		{232EF069-2904-45A8-8FD5-9946A603353F}.Release|x86.ActiveCfg = Release|Any CPU
		{232EF069-2904-45A8-8FD5-9946A603353F}.Release|x86.Build.0 = Release|Any CPU
		{978F26F1-13C9-4AB4-B1D7-50039FC3996D}.Debug|Any CPU.ActiveCfg = Debug|Any CPU
		{978F26F1-13C9-4AB4-B1D7-50039FC3996D}.Debug|Any CPU.Build.0 = Debug|Any CPU
		{978F26F1-13C9-4AB4-B1D7-50039FC3996D}.Debug|x64.ActiveCfg = Debug|Any CPU
		{978F26F1-13C9-4AB4-B1D7-50039FC3996D}.Debug|x64.Build.0 = Debug|Any CPU
		{978F26F1-13C9-4AB4-B1D7-50039FC3996D}.Debug|x86.ActiveCfg = Debug|Any CPU
		{978F26F1-13C9-4AB4-B1D7-50039FC3996D}.Debug|x86.Build.0 = Debug|Any CPU
		{978F26F1-13C9-4AB4-B1D7-50039FC3996D}.Release|Any CPU.ActiveCfg = Release|Any CPU
		{978F26F1-13C9-4AB4-B1D7-50039FC3996D}.Release|Any CPU.Build.0 = Release|Any CPU
		{978F26F1-13C9-4AB4-B1D7-50039FC3996D}.Release|x64.ActiveCfg = Release|Any CPU
		{978F26F1-13C9-4AB4-B1D7-50039FC3996D}.Release|x64.Build.0 = Release|Any CPU
		{978F26F1-13C9-4AB4-B1D7-50039FC3996D}.Release|x86.ActiveCfg = Release|Any CPU
		{978F26F1-13C9-4AB4-B1D7-50039FC3996D}.Release|x86.Build.0 = Release|Any CPU
		{D5F083F8-B129-470C-A505-BEE41CB404F1}.Debug|Any CPU.ActiveCfg = Debug|Any CPU
		{D5F083F8-B129-470C-A505-BEE41CB404F1}.Debug|Any CPU.Build.0 = Debug|Any CPU
		{D5F083F8-B129-470C-A505-BEE41CB404F1}.Debug|x64.ActiveCfg = Debug|Any CPU
		{D5F083F8-B129-470C-A505-BEE41CB404F1}.Debug|x64.Build.0 = Debug|Any CPU
		{D5F083F8-B129-470C-A505-BEE41CB404F1}.Debug|x86.ActiveCfg = Debug|Any CPU
		{D5F083F8-B129-470C-A505-BEE41CB404F1}.Debug|x86.Build.0 = Debug|Any CPU
		{D5F083F8-B129-470C-A505-BEE41CB404F1}.Release|Any CPU.ActiveCfg = Release|Any CPU
		{D5F083F8-B129-470C-A505-BEE41CB404F1}.Release|Any CPU.Build.0 = Release|Any CPU
		{D5F083F8-B129-470C-A505-BEE41CB404F1}.Release|x64.ActiveCfg = Release|Any CPU
		{D5F083F8-B129-470C-A505-BEE41CB404F1}.Release|x64.Build.0 = Release|Any CPU
		{D5F083F8-B129-470C-A505-BEE41CB404F1}.Release|x86.ActiveCfg = Release|Any CPU
		{D5F083F8-B129-470C-A505-BEE41CB404F1}.Release|x86.Build.0 = Release|Any CPU
		{EF4CF489-5E09-4596-A7DD-F34BCFD1F9AB}.Debug|Any CPU.ActiveCfg = Debug|Any CPU
		{EF4CF489-5E09-4596-A7DD-F34BCFD1F9AB}.Debug|Any CPU.Build.0 = Debug|Any CPU
		{EF4CF489-5E09-4596-A7DD-F34BCFD1F9AB}.Debug|x64.ActiveCfg = Debug|Any CPU
		{EF4CF489-5E09-4596-A7DD-F34BCFD1F9AB}.Debug|x64.Build.0 = Debug|Any CPU
		{EF4CF489-5E09-4596-A7DD-F34BCFD1F9AB}.Debug|x86.ActiveCfg = Debug|Any CPU
		{EF4CF489-5E09-4596-A7DD-F34BCFD1F9AB}.Debug|x86.Build.0 = Debug|Any CPU
		{EF4CF489-5E09-4596-A7DD-F34BCFD1F9AB}.Release|Any CPU.ActiveCfg = Release|Any CPU
		{EF4CF489-5E09-4596-A7DD-F34BCFD1F9AB}.Release|Any CPU.Build.0 = Release|Any CPU
		{EF4CF489-5E09-4596-A7DD-F34BCFD1F9AB}.Release|x64.ActiveCfg = Release|Any CPU
		{EF4CF489-5E09-4596-A7DD-F34BCFD1F9AB}.Release|x64.Build.0 = Release|Any CPU
		{EF4CF489-5E09-4596-A7DD-F34BCFD1F9AB}.Release|x86.ActiveCfg = Release|Any CPU
		{EF4CF489-5E09-4596-A7DD-F34BCFD1F9AB}.Release|x86.Build.0 = Release|Any CPU
		{5AB2AF9F-EE84-4B85-B27D-8465328C2448}.Debug|Any CPU.ActiveCfg = Debug|Any CPU
		{5AB2AF9F-EE84-4B85-B27D-8465328C2448}.Debug|Any CPU.Build.0 = Debug|Any CPU
		{5AB2AF9F-EE84-4B85-B27D-8465328C2448}.Debug|x64.ActiveCfg = Debug|Any CPU
		{5AB2AF9F-EE84-4B85-B27D-8465328C2448}.Debug|x64.Build.0 = Debug|Any CPU
		{5AB2AF9F-EE84-4B85-B27D-8465328C2448}.Debug|x86.ActiveCfg = Debug|Any CPU
		{5AB2AF9F-EE84-4B85-B27D-8465328C2448}.Debug|x86.Build.0 = Debug|Any CPU
		{5AB2AF9F-EE84-4B85-B27D-8465328C2448}.Release|Any CPU.ActiveCfg = Release|Any CPU
		{5AB2AF9F-EE84-4B85-B27D-8465328C2448}.Release|Any CPU.Build.0 = Release|Any CPU
		{5AB2AF9F-EE84-4B85-B27D-8465328C2448}.Release|x64.ActiveCfg = Release|Any CPU
		{5AB2AF9F-EE84-4B85-B27D-8465328C2448}.Release|x64.Build.0 = Release|Any CPU
		{5AB2AF9F-EE84-4B85-B27D-8465328C2448}.Release|x86.ActiveCfg = Release|Any CPU
		{5AB2AF9F-EE84-4B85-B27D-8465328C2448}.Release|x86.Build.0 = Release|Any CPU
		{0F067179-A5C2-422A-8934-52790334E2A8}.Debug|Any CPU.ActiveCfg = Debug|Any CPU
		{0F067179-A5C2-422A-8934-52790334E2A8}.Debug|Any CPU.Build.0 = Debug|Any CPU
		{0F067179-A5C2-422A-8934-52790334E2A8}.Debug|x64.ActiveCfg = Debug|Any CPU
		{0F067179-A5C2-422A-8934-52790334E2A8}.Debug|x64.Build.0 = Debug|Any CPU
		{0F067179-A5C2-422A-8934-52790334E2A8}.Debug|x86.ActiveCfg = Debug|Any CPU
		{0F067179-A5C2-422A-8934-52790334E2A8}.Debug|x86.Build.0 = Debug|Any CPU
		{0F067179-A5C2-422A-8934-52790334E2A8}.Release|Any CPU.ActiveCfg = Release|Any CPU
		{0F067179-A5C2-422A-8934-52790334E2A8}.Release|Any CPU.Build.0 = Release|Any CPU
		{0F067179-A5C2-422A-8934-52790334E2A8}.Release|x64.ActiveCfg = Release|Any CPU
		{0F067179-A5C2-422A-8934-52790334E2A8}.Release|x64.Build.0 = Release|Any CPU
		{0F067179-A5C2-422A-8934-52790334E2A8}.Release|x86.ActiveCfg = Release|Any CPU
		{0F067179-A5C2-422A-8934-52790334E2A8}.Release|x86.Build.0 = Release|Any CPU
		{27C5BB99-2EB4-49E7-814C-3BC37A2D047C}.Debug|Any CPU.ActiveCfg = Debug|Any CPU
		{27C5BB99-2EB4-49E7-814C-3BC37A2D047C}.Debug|Any CPU.Build.0 = Debug|Any CPU
		{27C5BB99-2EB4-49E7-814C-3BC37A2D047C}.Debug|x64.ActiveCfg = Debug|Any CPU
		{27C5BB99-2EB4-49E7-814C-3BC37A2D047C}.Debug|x64.Build.0 = Debug|Any CPU
		{27C5BB99-2EB4-49E7-814C-3BC37A2D047C}.Debug|x86.ActiveCfg = Debug|Any CPU
		{27C5BB99-2EB4-49E7-814C-3BC37A2D047C}.Debug|x86.Build.0 = Debug|Any CPU
		{27C5BB99-2EB4-49E7-814C-3BC37A2D047C}.Release|Any CPU.ActiveCfg = Release|Any CPU
		{27C5BB99-2EB4-49E7-814C-3BC37A2D047C}.Release|Any CPU.Build.0 = Release|Any CPU
		{27C5BB99-2EB4-49E7-814C-3BC37A2D047C}.Release|x64.ActiveCfg = Release|Any CPU
		{27C5BB99-2EB4-49E7-814C-3BC37A2D047C}.Release|x64.Build.0 = Release|Any CPU
		{27C5BB99-2EB4-49E7-814C-3BC37A2D047C}.Release|x86.ActiveCfg = Release|Any CPU
		{27C5BB99-2EB4-49E7-814C-3BC37A2D047C}.Release|x86.Build.0 = Release|Any CPU
		{8C5DDE60-E166-416C-82A9-F704B3A98227}.Debug|Any CPU.ActiveCfg = Debug|Any CPU
		{8C5DDE60-E166-416C-82A9-F704B3A98227}.Debug|Any CPU.Build.0 = Debug|Any CPU
		{8C5DDE60-E166-416C-82A9-F704B3A98227}.Debug|x64.ActiveCfg = Debug|Any CPU
		{8C5DDE60-E166-416C-82A9-F704B3A98227}.Debug|x64.Build.0 = Debug|Any CPU
		{8C5DDE60-E166-416C-82A9-F704B3A98227}.Debug|x86.ActiveCfg = Debug|Any CPU
		{8C5DDE60-E166-416C-82A9-F704B3A98227}.Debug|x86.Build.0 = Debug|Any CPU
		{8C5DDE60-E166-416C-82A9-F704B3A98227}.Release|Any CPU.ActiveCfg = Release|Any CPU
		{8C5DDE60-E166-416C-82A9-F704B3A98227}.Release|Any CPU.Build.0 = Release|Any CPU
		{8C5DDE60-E166-416C-82A9-F704B3A98227}.Release|x64.ActiveCfg = Release|Any CPU
		{8C5DDE60-E166-416C-82A9-F704B3A98227}.Release|x64.Build.0 = Release|Any CPU
		{8C5DDE60-E166-416C-82A9-F704B3A98227}.Release|x86.ActiveCfg = Release|Any CPU
		{8C5DDE60-E166-416C-82A9-F704B3A98227}.Release|x86.Build.0 = Release|Any CPU
	EndGlobalSection
	GlobalSection(SolutionProperties) = preSolution
		HideSolutionNode = FALSE
	EndGlobalSection
	GlobalSection(ExtensibilityGlobals) = postSolution
		SolutionGuid = {B43E1A2E-7A05-41F0-BC77-967067D60A6B}
	EndGlobalSection
EndGlobal
